<?xml version="1.0" encoding="utf-8"?>
<Project ToolsVersion="4.0" xmlns="http://schemas.microsoft.com/developer/msbuild/2003">
  <ItemGroup>
    <Filter Include="源文件">
      <UniqueIdentifier>{4FC737F1-C7A5-4376-A066-2A32D752A2FF}</UniqueIdentifier>
      <Extensions>cpp;c;cc;cxx;c++;cppm;ixx;def;odl;idl;hpj;bat;asm;asmx</Extensions>
    </Filter>
    <Filter Include="头文件">
      <UniqueIdentifier>{93995380-89BD-4b04-88EB-625FBE52EBFB}</UniqueIdentifier>
      <Extensions>h;hh;hpp;hxx;h++;hm;inl;inc;ipp;xsd</Extensions>
    </Filter>
    <Filter Include="资源文件">
      <UniqueIdentifier>{67DA6AB6-F800-4c08-8B7A-83BB121AAD01}</UniqueIdentifier>
      <Extensions>rc;ico;cur;bmp;dlg;rc2;rct;bin;rgs;gif;jpg;jpeg;jpe;resx;tiff;tif;png;wav;mfcribbon-ms</Extensions>
    </Filter>
  </ItemGroup>
  <ItemGroup>
    <ClCompile Include="maze.cpp">
      <Filter>源文件</Filter>
    </ClCompile>
    <ClCompile Include="Button.cpp">
      <Filter>源文件</Filter>
    </ClCompile>
<<<<<<< Updated upstream
=======
    <ClCompile Include="UI.cpp">
      <Filter>源文件</Filter>
    </ClCompile>
    <ClCompile Include="Forest.cpp">
      <Filter>源文件</Filter>
    </ClCompile>
    <ClCompile Include="Desert.cpp">
      <Filter>源文件</Filter>
    </ClCompile>
    <ClCompile Include="Castle.cpp">
      <Filter>源文件</Filter>
    </ClCompile>
    <ClCompile Include="Princess.cpp">
      <Filter>源文件</Filter>
    </ClCompile>
    <ClCompile Include="Adventure.cpp">
      <Filter>源文件</Filter>
    </ClCompile>
    <ClCompile Include="Game.cpp">
      <Filter>源文件</Filter>
    </ClCompile>
    <ClCompile Include="newGameUI.cpp">
      <Filter>源文件</Filter>
    </ClCompile>
>>>>>>> Stashed changes
  </ItemGroup>
  <ItemGroup>
    <ClInclude Include="maze.h">
      <Filter>头文件</Filter>
    </ClInclude>
    <ClInclude Include="Game.h">
      <Filter>头文件</Filter>
    </ClInclude>
<<<<<<< Updated upstream
=======
    <ClInclude Include="resource.h">
      <Filter>头文件</Filter>
    </ClInclude>
  </ItemGroup>
  <ItemGroup>
    <ResourceCompile Include="MazeGame.rc">
      <Filter>资源文件</Filter>
    </ResourceCompile>
  </ItemGroup>
  <ItemGroup>
    <Image Include="images\forest_road.jpg">
      <Filter>资源文件</Filter>
    </Image>
    <Image Include="images\forest_wall.jpg">
      <Filter>资源文件</Filter>
    </Image>
    <Image Include="images\forest_player.jpg">
      <Filter>资源文件</Filter>
    </Image>
    <Image Include="images\forest_end.jpg">
      <Filter>资源文件</Filter>
    </Image>
    <Image Include="images\desert_road.jpg">
      <Filter>资源文件</Filter>
    </Image>
    <Image Include="images\desert_player.jpg">
      <Filter>资源文件</Filter>
    </Image>
    <Image Include="images\desert_wall.jpg">
      <Filter>资源文件</Filter>
    </Image>
    <Image Include="images\desert_end.jpg">
      <Filter>资源文件</Filter>
    </Image>
    <Image Include="images\castle_end.jpg">
      <Filter>资源文件</Filter>
    </Image>
    <Image Include="images\castle_player.jpg">
      <Filter>资源文件</Filter>
    </Image>
    <Image Include="images\castle_road.jpg">
      <Filter>资源文件</Filter>
    </Image>
    <Image Include="images\castle_wall.jpg">
      <Filter>资源文件</Filter>
    </Image>
    <Image Include="images\star_end.png">
      <Filter>资源文件</Filter>
    </Image>
    <Image Include="images\star_player.png">
      <Filter>资源文件</Filter>
    </Image>
    <Image Include="images\star_bg.jpg">
      <Filter>资源文件</Filter>
    </Image>
>>>>>>> Stashed changes
  </ItemGroup>
</Project>